{
 "graph_lock": {
  "nodes": {
   "0": {
    "ref": "Libraries/None",
    "options": "brotli:shared=False\nbzip2:build_executable=True\nbzip2:shared=False\nflac:shared=False\nfreetype:shared=False\nfreetype:with_brotli=True\nfreetype:with_bzip2=True\nfreetype:with_png=True\nfreetype:with_zlib=True\nlibpng:api_prefix=\nlibpng:shared=False\nlibpng:sse=True\nogg:shared=False\nopenal:shared=False\nsfml:audio=True\nsfml:graphics=True\nsfml:network=True\nsfml:shared=False\nsfml:window=True\nsqlite3:build_executable=True\nsqlite3:disable_gethostuuid=False\nsqlite3:enable_column_metadata=True\nsqlite3:enable_dbpage_vtab=False\nsqlite3:enable_dbstat_vtab=False\nsqlite3:enable_default_secure_delete=False\nsqlite3:enable_default_vfs=True\nsqlite3:enable_explain_comments=False\nsqlite3:enable_fts3=False\nsqlite3:enable_fts3_parenthesis=False\nsqlite3:enable_fts4=False\nsqlite3:enable_fts5=False\nsqlite3:enable_json1=False\nsqlite3:enable_math_functions=True\nsqlite3:enable_preupdate_hook=False\nsqlite3:enable_rtree=True\nsqlite3:enable_soundex=False\nsqlite3:enable_unlock_notify=True\nsqlite3:max_blob_size=1000000000\nsqlite3:omit_load_extension=False\nsqlite3:shared=False\nsqlite3:threadsafe=1\nsqlite3:use_alloca=False\nstb:with_deprecated=True\nvorbis:shared=False\nzlib:shared=False",
    "requires": [
     "1",
     "13"
    ],
    "path": "..\\scripts\\conanfile.py",
    "context": "host"
   },
   "1": {
    "ref": "sfml/2.5.1",
    "options": "audio=True\ngraphics=True\nnetwork=True\nshared=False\nwindow=True\nbrotli:shared=False\nbzip2:build_executable=True\nbzip2:shared=False\nflac:shared=False\nfreetype:shared=False\nfreetype:with_brotli=True\nfreetype:with_bzip2=True\nfreetype:with_png=True\nfreetype:with_zlib=True\nlibpng:api_prefix=\nlibpng:shared=False\nlibpng:sse=True\nogg:shared=False\nopenal:shared=False\nstb:with_deprecated=True\nvorbis:shared=False\nzlib:shared=False",
    "package_id": "d02765dd8ac3899f2886509787e30924520dd723",
    "prev": "0",
    "requires": [
     "2",
     "3",
     "8",
     "9",
     "11",
     "12"
    ],
    "context": "host"
   },
   "2": {
    "ref": "opengl/system",
    "options": "",
    "package_id": "5ab84d6acfe1f23c4fae0ab88f26e3a396351ac9",
    "prev": "0",
    "context": "host"
   },
   "3": {
    "ref": "freetype/2.11.1",
    "options": "shared=False\nwith_brotli=True\nwith_bzip2=True\nwith_png=True\nwith_zlib=True\nbrotli:shared=False\nbzip2:build_executable=True\nbzip2:shared=False\nlibpng:api_prefix=\nlibpng:shared=False\nlibpng:sse=True\nzlib:shared=False",
    "package_id": "c69bad48274e7fc45c887cddc32aa0459f0a81e0",
    "prev": "0",
    "requires": [
     "4",
     "5",
     "6",
     "7"
    ],
    "context": "host"
   },
   "4": {
    "ref": "libpng/1.6.37",
    "options": "api_prefix=\nshared=False\nsse=True\nzlib:shared=False",
    "package_id": "8b1ef0ec9599374db4689199730c00a0d5f4de36",
    "prev": "0",
    "requires": [
     "5"
    ],
    "context": "host"
   },
   "5": {
    "ref": "zlib/1.2.11",
    "options": "shared=False",
    "package_id": "d057732059ea44a47760900cb5e4855d2bea8714",
    "prev": "0",
    "context": "host"
   },
   "6": {
    "ref": "bzip2/1.0.8",
    "options": "build_executable=True\nshared=False",
    "package_id": "589a23dff5fdb23a7fb851223eb766480ead0a9a",
    "prev": "0",
    "context": "host"
   },
   "7": {
    "ref": "brotli/1.0.9",
    "options": "shared=False",
    "package_id": "d057732059ea44a47760900cb5e4855d2bea8714",
    "prev": "0",
    "context": "host"
   },
   "8": {
    "ref": "stb/cci.20210713",
    "options": "with_deprecated=True",
    "package_id": "5ab84d6acfe1f23c4fae0ab88f26e3a396351ac9",
    "prev": "0",
    "context": "host"
   },
   "9": {
    "ref": "flac/1.3.3",
    "options": "shared=False\nogg:shared=False",
    "package_id": "b8a7c0e3d5f7f2dd0a4cf862cb60ff9f1b73be47",
    "prev": "0",
    "requires": [
     "10"
    ],
    "context": "host"
   },
   "10": {
    "ref": "ogg/1.3.4",
    "options": "shared=False",
    "package_id": "d057732059ea44a47760900cb5e4855d2bea8714",
    "prev": "0",
    "context": "host"
   },
   "11": {
    "ref": "openal/1.21.1",
    "options": "shared=False",
    "package_id": "d057732059ea44a47760900cb5e4855d2bea8714",
    "prev": "0",
    "context": "host"
   },
   "12": {
    "ref": "vorbis/1.3.7",
    "options": "shared=False\nogg:shared=False",
    "package_id": "b8a7c0e3d5f7f2dd0a4cf862cb60ff9f1b73be47",
    "prev": "0",
    "requires": [
     "10"
    ],
    "context": "host"
   },
   "13": {
    "ref": "sqlite3/3.38.5",
    "options": "build_executable=True\ndisable_gethostuuid=False\nenable_column_metadata=True\nenable_dbpage_vtab=False\nenable_dbstat_vtab=False\nenable_default_secure_delete=False\nenable_default_vfs=True\nenable_explain_comments=False\nenable_fts3=False\nenable_fts3_parenthesis=False\nenable_fts4=False\nenable_fts5=False\nenable_json1=False\nenable_math_functions=True\nenable_preupdate_hook=False\nenable_rtree=True\nenable_soundex=False\nenable_unlock_notify=True\nmax_blob_size=1000000000\nomit_load_extension=False\nshared=False\nthreadsafe=1\nuse_alloca=False",
    "package_id": "5e2ee2bbbf247701a335de1962053720f3cbabf1",
    "prev": "0",
    "context": "host"
   }
  },
  "revisions_enabled": false
 },
 "version": "0.4",
 "profile_host": "[settings]\narch=x86_64\narch_build=x86_64\nbuild_type=Debug\ncompiler=Visual Studio\ncompiler.runtime=MDd\ncompiler.version=16\nos=Windows\nos_build=Windows\n[options]\n[build_requires]\n[env]\n"
}